
Microsoft Visual Studio Solution File, Format Version 12.00
# Visual Studio Version 17
VisualStudioVersion = 17.7.34024.191
MinimumVisualStudioVersion = 10.0.40219.1
Project("{FAE04EC0-301F-11D3-BF4B-00C04F79EFBC}") = "SEITHackathonProject", "SEITHackathonProject\SEITHackathonProject.csproj", "{8BF5AC2C-AB87-4653-9006-4D8BC996F222}"
EndProject
Project("{2150E333-8FDC-42A3-9474-1A3956D46DE8}") = "Solution Items", "Solution Items", "{1789ECCD-AE74-4976-A5B1-2C54F9009B04}"
	ProjectSection(SolutionItems) = preProject
		.editorconfig = .editorconfig
	EndProjectSection
EndProject
Global
	GlobalSection(SolutionConfigurationPlatforms) = preSolution
		Debug|Any CPU = Debug|Any CPU
		Release|Any CPU = Release|Any CPU
	EndGlobalSection
	GlobalSection(ProjectConfigurationPlatforms) = postSolution
		{8BF5AC2C-AB87-4653-9006-4D8BC996F222}.Debug|Any CPU.ActiveCfg = Debug|Any CPU
		{8BF5AC2C-AB87-4653-9006-4D8BC996F222}.Debug|Any CPU.Build.0 = Debug|Any CPU
		{8BF5AC2C-AB87-4653-9006-4D8BC996F222}.Release|Any CPU.ActiveCfg = Release|Any CPU
		{8BF5AC2C-AB87-4653-9006-4D8BC996F222}.Release|Any CPU.Build.0 = Release|Any CPU
	EndGlobalSection
	GlobalSection(SolutionProperties) = preSolution
		HideSolutionNode = FALSE
	EndGlobalSection
	GlobalSection(ExtensibilityGlobals) = postSolution
		SolutionGuid = {0758DB74-0A7E-468C-98F6-C1A5F4C6A56C}
	EndGlobalSection
EndGlobal
